{
  "version": 1,
  "dependencies": {
    ".NETFramework,Version=v4.8": {
      "Unity": {
        "type": "Direct",
        "requested": "[5.11.10, )",
        "resolved": "5.11.10",
        "contentHash": "B4+Ps3oqI78hJ+dAFsJhPkJT6qycsNExgLbtw7CEHSzKc2ac3YyUR8SHQ+ZyTwld/y5IbDx/aNOHnKE9Em1zWA==",
        "dependencies": {
          "System.Runtime.CompilerServices.Unsafe": "4.5.2"
        }
      },
      "System.Runtime.CompilerServices.Unsafe": {
        "type": "Transitive",
        "resolved": "4.5.2",
        "contentHash": "wprSFgext8cwqymChhrBLu62LMg/1u92bU+VOwyfBimSPVFXtsNqEWC92Pf9ofzJFlk4IHmJA75EDJn1b2goAQ=="
      }
    }
  }
}